
Microsoft Visual Studio Solution File, Format Version 12.00
# Visual Studio Version 16
VisualStudioVersion = 16.0.30011.22
MinimumVisualStudioVersion = 10.0.40219.1
Project("{9A19103F-16F7-4668-BE54-9A1E7A4F7556}") = "DatingApp.API", "DatingApp.API.csproj", "{1C10D547-3F56-45A2-B518-7A0EF2E1612C}"
EndProject
Global
	GlobalSection(SolutionConfigurationPlatforms) = preSolution
		Debug|Any CPU = Debug|Any CPU
		Release|Any CPU = Release|Any CPU
	EndGlobalSection
	GlobalSection(ProjectConfigurationPlatforms) = postSolution
		{1C10D547-3F56-45A2-B518-7A0EF2E1612C}.Debug|Any CPU.ActiveCfg = Debug|Any CPU
		{1C10D547-3F56-45A2-B518-7A0EF2E1612C}.Debug|Any CPU.Build.0 = Debug|Any CPU
		{1C10D547-3F56-45A2-B518-7A0EF2E1612C}.Release|Any CPU.ActiveCfg = Release|Any CPU
		{1C10D547-3F56-45A2-B518-7A0EF2E1612C}.Release|Any CPU.Build.0 = Release|Any CPU
	EndGlobalSection
	GlobalSection(SolutionProperties) = preSolution
		HideSolutionNode = FALSE
	EndGlobalSection
	GlobalSection(ExtensibilityGlobals) = postSolution
		SolutionGuid = {1DB1E01A-42ED-4C82-B8BA-0F9AFA8914B3}
	EndGlobalSection
EndGlobal
